Microsoft Visual Studio Solution File, Format Version 12.00
# Visual Studio Version 17
VisualStudioVersion = 17.6.33815.320
MinimumVisualStudioVersion = 10.0.40219.1
Project("{FAE04EC0-301F-11D3-BF4B-00C04F79EFBC}") = "BuildingBlocks", "BuildingBlocks\BuildingBlocks.csproj", "{21859210-1D55-4D7E-B644-ADFB0208A0A9}"
EndProject
Project("{2150E333-8FDC-42A3-9474-1A3956D46DE8}") = "XGO.Store", "XGO.Store", "{C942115A-AEF4-457C-9A88-B8BEA0FFF5A2}"
EndProject
Project("{2150E333-8FDC-42A3-9474-1A3956D46DE8}") = "XGO.Storage", "XGO.Storage", "{6C19C793-FF61-4FE6-A050-D69D19F4D0B0}"
EndProject
Project("{FAE04EC0-301F-11D3-BF4B-00C04F79EFBC}") = "XGO.ApiGateway", "XGO.ApiGateway\XGO.ApiGateway.csproj", "{015CD76A-30CC-46EB-8001-070BF5DD1A54}"
EndProject
Project("{FAE04EC0-301F-11D3-BF4B-00C04F79EFBC}") = "XGO.Store.Api", "XGO.Store\XGO.Store.Api\XGO.Store.Api.csproj", "{3B84CF15-B024-44EA-AF21-F46C1BCFA4D8}"
EndProject
Project("{FAE04EC0-301F-11D3-BF4B-00C04F79EFBC}") = "XGO.Store.Application", "XGO.Store\XGO.Store.Application\XGO.Store.Application.csproj", "{EAC2D545-5DB9-4EE5-A8DA-3C6AF0494D67}"
EndProject
Project("{FAE04EC0-301F-11D3-BF4B-00C04F79EFBC}") = "XGO.Storage.Api", "XGO.Storage\XGO.Storage.Api\XGO.Storage.Api.csproj", "{51BD3C1A-3E6D-4B30-A494-5CF04BDBF88C}"
EndProject
Project("{FAE04EC0-301F-11D3-BF4B-00C04F79EFBC}") = "XGO.Store.Domain", "XGO.Store\XGO.Store.Domain\XGO.Store.Domain.csproj", "{4AB5F2D4-47EB-4B93-B352-FF12D19D983D}"
EndProject
Project("{FAE04EC0-301F-11D3-BF4B-00C04F79EFBC}") = "XGO.Store.Persistance", "XGO.Store\XGO.Store.Persistance\XGO.Store.Persistance.csproj", "{98FB4C5B-9E5C-47F1-B679-6C3C6E29DFB5}"
EndProject
Project("{FAE04EC0-301F-11D3-BF4B-00C04F79EFBC}") = "XGO.Store.Utilities", "XGO.Store\XGO.Store.Utilities\XGO.Store.Utilities.csproj", "{C9112F9B-10B0-4195-8B07-C8BE7F279D6A}"
EndProject
Project("{2150E333-8FDC-42A3-9474-1A3956D46DE8}") = "XGO.Common", "XGO.Common", "{02EA681E-C7D8-13C7-8484-4AC65E1B71E8}"
EndProject
Project("{FAE04EC0-301F-11D3-BF4B-00C04F79EFBC}") = "testttt", "testttt\testttt.csproj", "{C679973F-001B-4382-B61D-4821AC255389}"
EndProject
Project("{2150E333-8FDC-42A3-9474-1A3956D46DE8}") = "Solution Items", "Solution Items", "{8EC462FD-D22E-90A8-E5CE-7E832BA40C5D}"
	ProjectSection(SolutionItems) = preProject
		.github\workflows\deploy.yaml = .github\workflows\deploy.yaml
	EndProjectSection
EndProject
Project("{2150E333-8FDC-42A3-9474-1A3956D46DE8}") = "Tests", "Tests", "{B2C90134-7AF7-47EE-A90B-B01F0643594B}"
EndProject
Project("{FAE04EC0-301F-11D3-BF4B-00C04F79EFBC}") = "TestStorage", "Tests\TestStorage\TestStorage.csproj", "{595159AD-16C2-4A42-ABC7-A6F67F46482C}"
EndProject
Global
	GlobalSection(SolutionConfigurationPlatforms) = preSolution
		Debug|Any CPU = Debug|Any CPU
		Release|Any CPU = Release|Any CPU
	EndGlobalSection
	GlobalSection(ProjectConfigurationPlatforms) = postSolution
		{21859210-1D55-4D7E-B644-ADFB0208A0A9}.Debug|Any CPU.ActiveCfg = Debug|Any CPU
		{21859210-1D55-4D7E-B644-ADFB0208A0A9}.Debug|Any CPU.Build.0 = Debug|Any CPU
		{21859210-1D55-4D7E-B644-ADFB0208A0A9}.Release|Any CPU.ActiveCfg = Release|Any CPU
		{21859210-1D55-4D7E-B644-ADFB0208A0A9}.Release|Any CPU.Build.0 = Release|Any CPU
		{015CD76A-30CC-46EB-8001-070BF5DD1A54}.Debug|Any CPU.ActiveCfg = Debug|Any CPU
		{015CD76A-30CC-46EB-8001-070BF5DD1A54}.Debug|Any CPU.Build.0 = Debug|Any CPU
		{015CD76A-30CC-46EB-8001-070BF5DD1A54}.Release|Any CPU.ActiveCfg = Release|Any CPU
		{015CD76A-30CC-46EB-8001-070BF5DD1A54}.Release|Any CPU.Build.0 = Release|Any CPU
		{3B84CF15-B024-44EA-AF21-F46C1BCFA4D8}.Debug|Any CPU.ActiveCfg = Debug|Any CPU
		{3B84CF15-B024-44EA-AF21-F46C1BCFA4D8}.Debug|Any CPU.Build.0 = Debug|Any CPU
		{3B84CF15-B024-44EA-AF21-F46C1BCFA4D8}.Release|Any CPU.ActiveCfg = Release|Any CPU
		{3B84CF15-B024-44EA-AF21-F46C1BCFA4D8}.Release|Any CPU.Build.0 = Release|Any CPU
		{EAC2D545-5DB9-4EE5-A8DA-3C6AF0494D67}.Debug|Any CPU.ActiveCfg = Debug|Any CPU
		{EAC2D545-5DB9-4EE5-A8DA-3C6AF0494D67}.Debug|Any CPU.Build.0 = Debug|Any CPU
		{EAC2D545-5DB9-4EE5-A8DA-3C6AF0494D67}.Release|Any CPU.ActiveCfg = Release|Any CPU
		{EAC2D545-5DB9-4EE5-A8DA-3C6AF0494D67}.Release|Any CPU.Build.0 = Release|Any CPU
		{51BD3C1A-3E6D-4B30-A494-5CF04BDBF88C}.Debug|Any CPU.ActiveCfg = Debug|Any CPU
		{51BD3C1A-3E6D-4B30-A494-5CF04BDBF88C}.Debug|Any CPU.Build.0 = Debug|Any CPU
		{51BD3C1A-3E6D-4B30-A494-5CF04BDBF88C}.Release|Any CPU.ActiveCfg = Release|Any CPU
		{51BD3C1A-3E6D-4B30-A494-5CF04BDBF88C}.Release|Any CPU.Build.0 = Release|Any CPU
		{4AB5F2D4-47EB-4B93-B352-FF12D19D983D}.Debug|Any CPU.ActiveCfg = Debug|Any CPU
		{4AB5F2D4-47EB-4B93-B352-FF12D19D983D}.Debug|Any CPU.Build.0 = Debug|Any CPU
		{4AB5F2D4-47EB-4B93-B352-FF12D19D983D}.Release|Any CPU.ActiveCfg = Release|Any CPU
		{4AB5F2D4-47EB-4B93-B352-FF12D19D983D}.Release|Any CPU.Build.0 = Release|Any CPU
		{98FB4C5B-9E5C-47F1-B679-6C3C6E29DFB5}.Debug|Any CPU.ActiveCfg = Debug|Any CPU
		{98FB4C5B-9E5C-47F1-B679-6C3C6E29DFB5}.Debug|Any CPU.Build.0 = Debug|Any CPU
		{98FB4C5B-9E5C-47F1-B679-6C3C6E29DFB5}.Release|Any CPU.ActiveCfg = Release|Any CPU
		{98FB4C5B-9E5C-47F1-B679-6C3C6E29DFB5}.Release|Any CPU.Build.0 = Release|Any CPU
		{C9112F9B-10B0-4195-8B07-C8BE7F279D6A}.Debug|Any CPU.ActiveCfg = Debug|Any CPU
		{C9112F9B-10B0-4195-8B07-C8BE7F279D6A}.Debug|Any CPU.Build.0 = Debug|Any CPU
		{C9112F9B-10B0-4195-8B07-C8BE7F279D6A}.Release|Any CPU.ActiveCfg = Release|Any CPU
		{C9112F9B-10B0-4195-8B07-C8BE7F279D6A}.Release|Any CPU.Build.0 = Release|Any CPU
		{C679973F-001B-4382-B61D-4821AC255389}.Debug|Any CPU.ActiveCfg = Debug|Any CPU
		{C679973F-001B-4382-B61D-4821AC255389}.Debug|Any CPU.Build.0 = Debug|Any CPU
		{C679973F-001B-4382-B61D-4821AC255389}.Release|Any CPU.ActiveCfg = Release|Any CPU
		{C679973F-001B-4382-B61D-4821AC255389}.Release|Any CPU.Build.0 = Release|Any CPU
		{595159AD-16C2-4A42-ABC7-A6F67F46482C}.Debug|Any CPU.ActiveCfg = Debug|Any CPU
		{595159AD-16C2-4A42-ABC7-A6F67F46482C}.Debug|Any CPU.Build.0 = Debug|Any CPU
		{595159AD-16C2-4A42-ABC7-A6F67F46482C}.Release|Any CPU.ActiveCfg = Release|Any CPU
		{595159AD-16C2-4A42-ABC7-A6F67F46482C}.Release|Any CPU.Build.0 = Release|Any CPU
	EndGlobalSection
	GlobalSection(SolutionProperties) = preSolution
		HideSolutionNode = FALSE
	EndGlobalSection
	GlobalSection(NestedProjects) = preSolution
		{3B84CF15-B024-44EA-AF21-F46C1BCFA4D8} = {C942115A-AEF4-457C-9A88-B8BEA0FFF5A2}
		{EAC2D545-5DB9-4EE5-A8DA-3C6AF0494D67} = {C942115A-AEF4-457C-9A88-B8BEA0FFF5A2}
		{51BD3C1A-3E6D-4B30-A494-5CF04BDBF88C} = {6C19C793-FF61-4FE6-A050-D69D19F4D0B0}
		{4AB5F2D4-47EB-4B93-B352-FF12D19D983D} = {C942115A-AEF4-457C-9A88-B8BEA0FFF5A2}
		{98FB4C5B-9E5C-47F1-B679-6C3C6E29DFB5} = {C942115A-AEF4-457C-9A88-B8BEA0FFF5A2}
		{C9112F9B-10B0-4195-8B07-C8BE7F279D6A} = {C942115A-AEF4-457C-9A88-B8BEA0FFF5A2}
		{C679973F-001B-4382-B61D-4821AC255389} = {02EA681E-C7D8-13C7-8484-4AC65E1B71E8}
		{595159AD-16C2-4A42-ABC7-A6F67F46482C} = {B2C90134-7AF7-47EE-A90B-B01F0643594B}
	EndGlobalSection
	GlobalSection(ExtensibilityGlobals) = postSolution
		SolutionGuid = {D82E1B8C-1B15-42F2-ADA2-1C0A34E1C1AC}
	EndGlobalSection
EndGlobal
